
Microsoft Visual Studio Solution File, Format Version 12.00
# Visual Studio 15
VisualStudioVersion = 15.0.28010.2036
MinimumVisualStudioVersion = 10.0.40219.1
Project("{FAE04EC0-301F-11D3-BF4B-00C04F79EFBC}") = "ImageContainer", "ImageContainer\ImageContainer.csproj", "{2B6D9920-6712-4988-87A7-A3FC9BDF8196}"
EndProject
Project("{FAE04EC0-301F-11D3-BF4B-00C04F79EFBC}") = "ImageContainerConsoleApp", "ImageContainerConsoleApp\ImageContainerConsoleApp.csproj", "{4852F416-D95C-44A6-AC44-8D147FC48C54}"
EndProject
Global
	GlobalSection(SolutionConfigurationPlatforms) = preSolution
		Debug|Any CPU = Debug|Any CPU
		Release|Any CPU = Release|Any CPU
	EndGlobalSection
	GlobalSection(ProjectConfigurationPlatforms) = postSolution
		{2B6D9920-6712-4988-87A7-A3FC9BDF8196}.Debug|Any CPU.ActiveCfg = Debug|Any CPU
		{2B6D9920-6712-4988-87A7-A3FC9BDF8196}.Debug|Any CPU.Build.0 = Debug|Any CPU
		{2B6D9920-6712-4988-87A7-A3FC9BDF8196}.Release|Any CPU.ActiveCfg = Release|Any CPU
		{2B6D9920-6712-4988-87A7-A3FC9BDF8196}.Release|Any CPU.Build.0 = Release|Any CPU
		{4852F416-D95C-44A6-AC44-8D147FC48C54}.Debug|Any CPU.ActiveCfg = Debug|Any CPU
		{4852F416-D95C-44A6-AC44-8D147FC48C54}.Debug|Any CPU.Build.0 = Debug|Any CPU
		{4852F416-D95C-44A6-AC44-8D147FC48C54}.Release|Any CPU.ActiveCfg = Release|Any CPU
		{4852F416-D95C-44A6-AC44-8D147FC48C54}.Release|Any CPU.Build.0 = Release|Any CPU
	EndGlobalSection
	GlobalSection(SolutionProperties) = preSolution
		HideSolutionNode = FALSE
	EndGlobalSection
	GlobalSection(ExtensibilityGlobals) = postSolution
		SolutionGuid = {CBAE4AE4-D780-465B-88A4-A94E9EC3F65A}
	EndGlobalSection
EndGlobal
